
Microsoft Visual Studio Solution File, Format Version 12.00
# Visual Studio Version 17
VisualStudioVersion = 17.0.32014.148
MinimumVisualStudioVersion = 10.0.40219.1
Project("{9A19103F-16F7-4668-BE54-9A1E7A4F7556}") = "SimpleAVSGenerator", "SimpleAVSGenerator\SimpleAVSGenerator.csproj", "{F4E2D21C-B20C-46F6-98A1-3C021F6E9DDB}"
EndProject
Project("{9A19103F-16F7-4668-BE54-9A1E7A4F7556}") = "SimpleAVSGenerator.Core", "SimpleAVSGenerator.Core\SimpleAVSGenerator.Core.csproj", "{FECFC601-B84C-4308-B1BC-8E67E6C85B19}"
EndProject
Project("{9A19103F-16F7-4668-BE54-9A1E7A4F7556}") = "SimpleAVSGenerator.Core.Tests", "SimpleAVSGenerator.Core.Tests\SimpleAVSGenerator.Core.Tests.csproj", "{8BDCE831-C27A-4E77-BC6F-07ABCE95F68D}"
EndProject
Global
	GlobalSection(SolutionConfigurationPlatforms) = preSolution
		Debug|Any CPU = Debug|Any CPU
		Release|Any CPU = Release|Any CPU
	EndGlobalSection
	GlobalSection(ProjectConfigurationPlatforms) = postSolution
		{F4E2D21C-B20C-46F6-98A1-3C021F6E9DDB}.Debug|Any CPU.ActiveCfg = Debug|Any CPU
		{F4E2D21C-B20C-46F6-98A1-3C021F6E9DDB}.Debug|Any CPU.Build.0 = Debug|Any CPU
		{F4E2D21C-B20C-46F6-98A1-3C021F6E9DDB}.Release|Any CPU.ActiveCfg = Release|Any CPU
		{F4E2D21C-B20C-46F6-98A1-3C021F6E9DDB}.Release|Any CPU.Build.0 = Release|Any CPU
		{FECFC601-B84C-4308-B1BC-8E67E6C85B19}.Debug|Any CPU.ActiveCfg = Debug|Any CPU
		{FECFC601-B84C-4308-B1BC-8E67E6C85B19}.Debug|Any CPU.Build.0 = Debug|Any CPU
		{FECFC601-B84C-4308-B1BC-8E67E6C85B19}.Release|Any CPU.ActiveCfg = Release|Any CPU
		{FECFC601-B84C-4308-B1BC-8E67E6C85B19}.Release|Any CPU.Build.0 = Release|Any CPU
		{8BDCE831-C27A-4E77-BC6F-07ABCE95F68D}.Debug|Any CPU.ActiveCfg = Debug|Any CPU
		{8BDCE831-C27A-4E77-BC6F-07ABCE95F68D}.Debug|Any CPU.Build.0 = Debug|Any CPU
		{8BDCE831-C27A-4E77-BC6F-07ABCE95F68D}.Release|Any CPU.ActiveCfg = Release|Any CPU
		{8BDCE831-C27A-4E77-BC6F-07ABCE95F68D}.Release|Any CPU.Build.0 = Release|Any CPU
	EndGlobalSection
	GlobalSection(SolutionProperties) = preSolution
		HideSolutionNode = FALSE
	EndGlobalSection
	GlobalSection(ExtensibilityGlobals) = postSolution
		SolutionGuid = {3B28E57C-3D2C-49BF-AD7E-7205531E49CC}
	EndGlobalSection
EndGlobal
